
Microsoft Visual Studio Solution File, Format Version 12.00
# Visual Studio Version 17
VisualStudioVersion = 17.0.32112.339
MinimumVisualStudioVersion = 10.0.40219.1
Project("{FAE04EC0-301F-11D3-BF4B-00C04F79EFBC}") = "BuildVer", "BuildVer\BuildVer.csproj", "{5857F0B9-51BB-4AED-8897-A447F44A6C5D}"
EndProject
Global
	GlobalSection(SolutionConfigurationPlatforms) = preSolution
		Debug|Any CPU = Debug|Any CPU
		Release|Any CPU = Release|Any CPU
	EndGlobalSection
	GlobalSection(ProjectConfigurationPlatforms) = postSolution
		{5857F0B9-51BB-4AED-8897-A447F44A6C5D}.Debug|Any CPU.ActiveCfg = Debug|Any CPU
		{5857F0B9-51BB-4AED-8897-A447F44A6C5D}.Debug|Any CPU.Build.0 = Debug|Any CPU
		{5857F0B9-51BB-4AED-8897-A447F44A6C5D}.Release|Any CPU.ActiveCfg = Release|Any CPU
		{5857F0B9-51BB-4AED-8897-A447F44A6C5D}.Release|Any CPU.Build.0 = Release|Any CPU
	EndGlobalSection
	GlobalSection(SolutionProperties) = preSolution
		HideSolutionNode = FALSE
	EndGlobalSection
	GlobalSection(ExtensibilityGlobals) = postSolution
		SolutionGuid = {590093BE-E85C-47A1-B5F4-12135AE89A61}
	EndGlobalSection
EndGlobal
